
Microsoft Visual Studio Solution File, Format Version 12.00
# Visual Studio Version 16
VisualStudioVersion = 16.0.31321.278
MinimumVisualStudioVersion = 10.0.40219.1
Project("{FAE04EC0-301F-11D3-BF4B-00C04F79EFBC}") = "WCFLogicaClientes", "WCFLogicaClientes\WCFLogicaClientes.csproj", "{A918890D-6ED3-4748-9C2E-7D844156F52D}"
EndProject
Project("{FAE04EC0-301F-11D3-BF4B-00C04F79EFBC}") = "WCFClientesServicioHost", "WCFClientesServicio\WCFClientesServicioHost.csproj", "{8F581F44-7457-478A-AD7F-F8F01AFFEDB9}"
EndProject
Global
	GlobalSection(SolutionConfigurationPlatforms) = preSolution
		Debug|Any CPU = Debug|Any CPU
		Release|Any CPU = Release|Any CPU
	EndGlobalSection
	GlobalSection(ProjectConfigurationPlatforms) = postSolution
		{A918890D-6ED3-4748-9C2E-7D844156F52D}.Debug|Any CPU.ActiveCfg = Debug|Any CPU
		{A918890D-6ED3-4748-9C2E-7D844156F52D}.Debug|Any CPU.Build.0 = Debug|Any CPU
		{A918890D-6ED3-4748-9C2E-7D844156F52D}.Release|Any CPU.ActiveCfg = Release|Any CPU
		{A918890D-6ED3-4748-9C2E-7D844156F52D}.Release|Any CPU.Build.0 = Release|Any CPU
		{8F581F44-7457-478A-AD7F-F8F01AFFEDB9}.Debug|Any CPU.ActiveCfg = Debug|Any CPU
		{8F581F44-7457-478A-AD7F-F8F01AFFEDB9}.Debug|Any CPU.Build.0 = Debug|Any CPU
		{8F581F44-7457-478A-AD7F-F8F01AFFEDB9}.Release|Any CPU.ActiveCfg = Release|Any CPU
		{8F581F44-7457-478A-AD7F-F8F01AFFEDB9}.Release|Any CPU.Build.0 = Release|Any CPU
	EndGlobalSection
	GlobalSection(SolutionProperties) = preSolution
		HideSolutionNode = FALSE
	EndGlobalSection
	GlobalSection(ExtensibilityGlobals) = postSolution
		SolutionGuid = {0F4E8EDB-212E-4BBF-9906-03F9B4554FD0}
	EndGlobalSection
EndGlobal
